{
  "requires": true,
  "lockfileVersion": 1,
  "dependencies": {
    "hertzj-palindrome": {
      "version": "0.1.0",
      "resolved": "https://registry.npmjs.org/hertzj-palindrome/-/hertzj-palindrome-0.1.0.tgz",
      "integrity": "sha512-IlUrYri9ET/Xccu+ZU2R5gb8NrcVy7rs2BFjwVqgRfL1v7MkP8V3tGuxeyKcWXsaOFSE4uPDVGZpkf/ypfLpLw=="
    }
  }
}
